<?xml version="1.0" encoding="utf-8"?>
<Project ToolsVersion="4.0" xmlns="http://schemas.microsoft.com/developer/msbuild/2003">
  <ItemGroup>
    <Filter Include="Source Files">
      <UniqueIdentifier>{4FC737F1-C7A5-4376-A066-2A32D752A2FF}</UniqueIdentifier>
      <Extensions>cpp;c;cc;cxx;c++;cppm;ixx;def;odl;idl;hpj;bat;asm;asmx</Extensions>
    </Filter>
    <Filter Include="Header Files">
      <UniqueIdentifier>{93995380-89BD-4b04-88EB-625FBE52EBFB}</UniqueIdentifier>
      <Extensions>h;hh;hpp;hxx;h++;hm;inl;inc;ipp;xsd</Extensions>
    </Filter>
    <Filter Include="Resource Files">
      <UniqueIdentifier>{67DA6AB6-F800-4c08-8B7A-83BB121AAD01}</UniqueIdentifier>
      <Extensions>rc;ico;cur;bmp;dlg;rc2;rct;bin;rgs;gif;jpg;jpeg;jpe;resx;tiff;tif;png;wav;mfcribbon-ms</Extensions>
    </Filter>
  </ItemGroup>
  <ItemGroup>
    <ClCompile Include="PLTW.cpp">
      <Filter>Source Files</Filter>
    </ClCompile>
    <ClCompile Include="..\..\..\git_class\3560\group3_repo\bm_branches\main_minimal.cpp">
      <Filter>Source Files</Filter>
    </ClCompile>
  </ItemGroup>
  <ItemGroup>
    <ClInclude Include="..\..\..\git_class\3560\group3_repo\aegis.cpp\include\aegis.hpp">
      <Filter>Header Files</Filter>
    </ClInclude>
  </ItemGroup>
  <ItemGroup>
    <None Include="..\..\..\git_class\3560\group3_repo\aegis.cpp\.gitattributes" />
    <None Include="..\..\..\git_class\3560\group3_repo\aegis.cpp\.gitignore" />
    <None Include="..\..\..\git_class\3560\group3_repo\aegis.cpp\.gitmodules" />
    <None Include="..\..\..\git_class\3560\group3_repo\aegis.cpp\.travis.yml" />
    <None Include="..\..\..\git_class\3560\group3_repo\aegis.cpp\.vimrc" />
    <None Include="..\..\..\git_class\3560\group3_repo\aegis.cpp\aegis.dox" />
    <None Include="..\..\..\git_class\3560\group3_repo\aegis.cpp\Baermelk.sln" />
    <None Include="..\..\..\git_class\3560\group3_repo\aegis.cpp\Baermelk.vcxproj" />
    <None Include="..\..\..\git_class\3560\group3_repo\aegis.cpp\Baermelk.vcxproj.filters" />
    <None Include="..\..\..\git_class\3560\group3_repo\aegis.cpp\Baermelk.vcxproj.user" />
    <None Include="..\..\..\git_class\3560\group3_repo\aegis.cpp\CMakeSettings.json" />
    <None Include="..\..\..\git_class\3560\group3_repo\aegis.cpp\config.json" />
    <None Include="..\..\..\git_class\3560\group3_repo\aegis.cpp\Doxyfile" />
    <None Include="..\..\..\git_class\3560\group3_repo\aegis.cpp\install-deps.sh" />
    <None Include="..\..\..\git_class\3560\group3_repo\aegis.cpp\LICENSE" />
    <None Include="..\..\..\git_class\3560\group3_repo\aegis.cpp\README.md" />
  </ItemGroup>
  <ItemGroup>
    <Text Include="..\..\..\git_class\3560\group3_repo\aegis.cpp\CMakeLists.txt" />
  </ItemGroup>
</Project>